// !$*UTF8*$!
{
	archiveVersion = 1;
	classes = {
	};
	objectVersion = 46;
	objects = {

/* Begin PBXBuildFile section */
		CF30D1C61EC174B30050FB53 /* main.m in Sources */ = {isa = PBXBuildFile; fileRef = CF30D1C51EC174B30050FB53 /* main.m */; };
		CF30D1C91EC174B30050FB53 /* AppDelegate.m in Sources */ = {isa = PBXBuildFile; fileRef = CF30D1C81EC174B30050FB53 /* AppDelegate.m */; };
		CF30D1CC1EC174B30050FB53 /* ViewController.m in Sources */ = {isa = PBXBuildFile; fileRef = CF30D1CB1EC174B30050FB53 /* ViewController.m */; };
		CF30D1CF1EC174B30050FB53 /* Main.storyboard in Resources */ = {isa = PBXBuildFile; fileRef = CF30D1CD1EC174B30050FB53 /* Main.storyboard */; };
		CF30D1D11EC174B30050FB53 /* Assets.xcassets in Resources */ = {isa = PBXBuildFile; fileRef = CF30D1D01EC174B30050FB53 /* Assets.xcassets */; };
		CF30D1D41EC174B30050FB53 /* LaunchScreen.storyboard in Resources */ = {isa = PBXBuildFile; fileRef = CF30D1D21EC174B30050FB53 /* LaunchScreen.storyboard */; };
		CF30D2031EC409C90050FB53 /* AppDelegate.m in Sources */ = {isa = PBXBuildFile; fileRef = CF30D2021EC409C90050FB53 /* AppDelegate.m */; };
		CF30D2061EC409C90050FB53 /* main.m in Sources */ = {isa = PBXBuildFile; fileRef = CF30D2051EC409C90050FB53 /* main.m */; };
		CF30D2091EC409C90050FB53 /* ViewController.m in Sources */ = {isa = PBXBuildFile; fileRef = CF30D2081EC409C90050FB53 /* ViewController.m */; };
		CF30D20B1EC409C90050FB53 /* Assets.xcassets in Resources */ = {isa = PBXBuildFile; fileRef = CF30D20A1EC409C90050FB53 /* Assets.xcassets */; };
		CF30D20E1EC409C90050FB53 /* Main.storyboard in Resources */ = {isa = PBXBuildFile; fileRef = CF30D20C1EC409C90050FB53 /* Main.storyboard */; };
		CF864F841EC5BC2F007B9570 /* Tree.m in Sources */ = {isa = PBXBuildFile; fileRef = CF864F831EC5BC2F007B9570 /* Tree.m */; };
		CF864F881EC5BD67007B9570 /* testFolder in Resources */ = {isa = PBXBuildFile; fileRef = CF864F871EC5BD67007B9570 /* testFolder */; };
/* End PBXBuildFile section */

/* Begin PBXFileReference section */
		CF30D1C11EC174B30050FB53 /* LogFolderTrees.app */ = {isa = PBXFileReference; explicitFileType = wrapper.application; includeInIndex = 0; path = LogFolderTrees.app; sourceTree = BUILT_PRODUCTS_DIR; };
		CF30D1C51EC174B30050FB53 /* main.m */ = {isa = PBXFileReference; lastKnownFileType = sourcecode.c.objc; path = main.m; sourceTree = "<group>"; };
		CF30D1C71EC174B30050FB53 /* AppDelegate.h */ = {isa = PBXFileReference; lastKnownFileType = sourcecode.c.h; path = AppDelegate.h; sourceTree = "<group>"; };
		CF30D1C81EC174B30050FB53 /* AppDelegate.m */ = {isa = PBXFileReference; lastKnownFileType = sourcecode.c.objc; path = AppDelegate.m; sourceTree = "<group>"; };
		CF30D1CA1EC174B30050FB53 /* ViewController.h */ = {isa = PBXFileReference; lastKnownFileType = sourcecode.c.h; path = ViewController.h; sourceTree = "<group>"; };
		CF30D1CB1EC174B30050FB53 /* ViewController.m */ = {isa = PBXFileReference; lastKnownFileType = sourcecode.c.objc; path = ViewController.m; sourceTree = "<group>"; };
		CF30D1CE1EC174B30050FB53 /* Base */ = {isa = PBXFileReference; lastKnownFileType = file.storyboard; name = Base; path = Base.lproj/Main.storyboard; sourceTree = "<group>"; };
		CF30D1D01EC174B30050FB53 /* Assets.xcassets */ = {isa = PBXFileReference; lastKnownFileType = folder.assetcatalog; path = Assets.xcassets; sourceTree = "<group>"; };
		CF30D1D31EC174B30050FB53 /* Base */ = {isa = PBXFileReference; lastKnownFileType = file.storyboard; name = Base; path = Base.lproj/LaunchScreen.storyboard; sourceTree = "<group>"; };
		CF30D1D51EC174B30050FB53 /* Info.plist */ = {isa = PBXFileReference; lastKnownFileType = text.plist.xml; path = Info.plist; sourceTree = "<group>"; };
		CF30D1FF1EC409C90050FB53 /* LogFolderTreesCocoa.app */ = {isa = PBXFileReference; explicitFileType = wrapper.application; includeInIndex = 0; path = LogFolderTreesCocoa.app; sourceTree = BUILT_PRODUCTS_DIR; };
		CF30D2011EC409C90050FB53 /* AppDelegate.h */ = {isa = PBXFileReference; lastKnownFileType = sourcecode.c.h; path = AppDelegate.h; sourceTree = "<group>"; };
		CF30D2021EC409C90050FB53 /* AppDelegate.m */ = {isa = PBXFileReference; lastKnownFileType = sourcecode.c.objc; path = AppDelegate.m; sourceTree = "<group>"; };
		CF30D2051EC409C90050FB53 /* main.m */ = {isa = PBXFileReference; lastKnownFileType = sourcecode.c.objc; path = main.m; sourceTree = "<group>"; };
		CF30D2071EC409C90050FB53 /* ViewController.h */ = {isa = PBXFileReference; lastKnownFileType = sourcecode.c.h; path = ViewController.h; sourceTree = "<group>"; };
		CF30D2081EC409C90050FB53 /* ViewController.m */ = {isa = PBXFileReference; lastKnownFileType = sourcecode.c.objc; path = ViewController.m; sourceTree = "<group>"; };
		CF30D20A1EC409C90050FB53 /* Assets.xcassets */ = {isa = PBXFileReference; lastKnownFileType = folder.assetcatalog; path = Assets.xcassets; sourceTree = "<group>"; };
		CF30D20D1EC409C90050FB53 /* Base */ = {isa = PBXFileReference; lastKnownFileType = file.storyboard; name = Base; path = Base.lproj/Main.storyboard; sourceTree = "<group>"; };
		CF30D20F1EC409C90050FB53 /* Info.plist */ = {isa = PBXFileReference; lastKnownFileType = text.plist.xml; path = Info.plist; sourceTree = "<group>"; };
		CF864F821EC5BC2F007B9570 /* Tree.h */ = {isa = PBXFileReference; fileEncoding = 4; lastKnownFileType = sourcecode.c.h; path = Tree.h; sourceTree = "<group>"; };
		CF864F831EC5BC2F007B9570 /* Tree.m */ = {isa = PBXFileReference; fileEncoding = 4; lastKnownFileType = sourcecode.c.objc; path = Tree.m; sourceTree = "<group>"; };
		CF864F871EC5BD67007B9570 /* testFolder */ = {isa = PBXFileReference; lastKnownFileType = folder; path = testFolder; sourceTree = "<group>"; };
/* End PBXFileReference section */

/* Begin PBXFrameworksBuildPhase section */
		CF30D1BE1EC174B30050FB53 /* Frameworks */ = {
			isa = PBXFrameworksBuildPhase;
			buildActionMask = 2147483647;
			files = (
			);
			runOnlyForDeploymentPostprocessing = 0;
		};
		CF30D1FC1EC409C90050FB53 /* Frameworks */ = {
			isa = PBXFrameworksBuildPhase;
			buildActionMask = 2147483647;
			files = (
			);
			runOnlyForDeploymentPostprocessing = 0;
		};
/* End PBXFrameworksBuildPhase section */

/* Begin PBXGroup section */
		CF30D1B81EC174B30050FB53 = {
			isa = PBXGroup;
			children = (
				CF864F871EC5BD67007B9570 /* testFolder */,
				CF864F811EC5BBCB007B9570 /* MacOS */,
				CF864F801EC5BBB9007B9570 /* iOS */,
				CF30D1C21EC174B30050FB53 /* Products */,
			);
			sourceTree = "<group>";
		};
		CF30D1C21EC174B30050FB53 /* Products */ = {
			isa = PBXGroup;
			children = (
				CF30D1C11EC174B30050FB53 /* LogFolderTrees.app */,
				CF30D1FF1EC409C90050FB53 /* LogFolderTreesCocoa.app */,
			);
			name = Products;
			sourceTree = "<group>";
		};
		CF30D1C31EC174B30050FB53 /* LogFolderTrees */ = {
			isa = PBXGroup;
			children = (
				CF864F821EC5BC2F007B9570 /* Tree.h */,
				CF864F831EC5BC2F007B9570 /* Tree.m */,
				CF30D1C71EC174B30050FB53 /* AppDelegate.h */,
				CF30D1C81EC174B30050FB53 /* AppDelegate.m */,
				CF30D1CA1EC174B30050FB53 /* ViewController.h */,
				CF30D1CB1EC174B30050FB53 /* ViewController.m */,
				CF30D1CD1EC174B30050FB53 /* Main.storyboard */,
				CF30D1D01EC174B30050FB53 /* Assets.xcassets */,
				CF30D1D21EC174B30050FB53 /* LaunchScreen.storyboard */,
				CF30D1D51EC174B30050FB53 /* Info.plist */,
				CF30D1C41EC174B30050FB53 /* Supporting Files */,
			);
			path = LogFolderTrees;
			sourceTree = "<group>";
		};
		CF30D1C41EC174B30050FB53 /* Supporting Files */ = {
			isa = PBXGroup;
			children = (
				CF30D1C51EC174B30050FB53 /* main.m */,
			);
			name = "Supporting Files";
			sourceTree = "<group>";
		};
		CF30D2001EC409C90050FB53 /* LogFolderTreesCocoa */ = {
			isa = PBXGroup;
			children = (
				CF30D2011EC409C90050FB53 /* AppDelegate.h */,
				CF30D2021EC409C90050FB53 /* AppDelegate.m */,
				CF30D2071EC409C90050FB53 /* ViewController.h */,
				CF30D2081EC409C90050FB53 /* ViewController.m */,
				CF30D20A1EC409C90050FB53 /* Assets.xcassets */,
				CF30D20C1EC409C90050FB53 /* Main.storyboard */,
				CF30D20F1EC409C90050FB53 /* Info.plist */,
				CF30D2041EC409C90050FB53 /* Supporting Files */,
			);
			path = LogFolderTreesCocoa;
			sourceTree = "<group>";
		};
		CF30D2041EC409C90050FB53 /* Supporting Files */ = {
			isa = PBXGroup;
			children = (
				CF30D2051EC409C90050FB53 /* main.m */,
			);
			name = "Supporting Files";
			sourceTree = "<group>";
		};
		CF864F801EC5BBB9007B9570 /* iOS */ = {
			isa = PBXGroup;
			children = (
				CF30D1C31EC174B30050FB53 /* LogFolderTrees */,
			);
			name = iOS;
			sourceTree = "<group>";
		};
		CF864F811EC5BBCB007B9570 /* MacOS */ = {
			isa = PBXGroup;
			children = (
				CF30D2001EC409C90050FB53 /* LogFolderTreesCocoa */,
			);
			name = MacOS;
			sourceTree = "<group>";
		};
/* End PBXGroup section */

/* Begin PBXNativeTarget section */
		CF30D1C01EC174B30050FB53 /* LogFolderTrees */ = {
			isa = PBXNativeTarget;
			buildConfigurationList = CF30D1EE1EC174B30050FB53 /* Build configuration list for PBXNativeTarget "LogFolderTrees" */;
			buildPhases = (
				CF30D1BD1EC174B30050FB53 /* Sources */,
				CF30D1BE1EC174B30050FB53 /* Frameworks */,
				CF30D1BF1EC174B30050FB53 /* Resources */,
			);
			buildRules = (
			);
			dependencies = (
			);
			name = LogFolderTrees;
			productName = LogFolderTrees;
			productReference = CF30D1C11EC174B30050FB53 /* LogFolderTrees.app */;
			productType = "com.apple.product-type.application";
		};
		CF30D1FE1EC409C90050FB53 /* LogFolderTreesCocoa */ = {
			isa = PBXNativeTarget;
			buildConfigurationList = CF30D22C1EC409CA0050FB53 /* Build configuration list for PBXNativeTarget "LogFolderTreesCocoa" */;
			buildPhases = (
				CF30D1FB1EC409C90050FB53 /* Sources */,
				CF30D1FC1EC409C90050FB53 /* Frameworks */,
				CF30D1FD1EC409C90050FB53 /* Resources */,
			);
			buildRules = (
			);
			dependencies = (
			);
			name = LogFolderTreesCocoa;
			productName = LogFolderTreesCocoa;
			productReference = CF30D1FF1EC409C90050FB53 /* LogFolderTreesCocoa.app */;
			productType = "com.apple.product-type.application";
		};
/* End PBXNativeTarget section */

/* Begin PBXProject section */
		CF30D1B91EC174B30050FB53 /* Project object */ = {
			isa = PBXProject;
			attributes = {
				LastUpgradeCheck = 0830;
				ORGANIZATIONNAME = tomfriwel;
				TargetAttributes = {
					CF30D1C01EC174B30050FB53 = {
						CreatedOnToolsVersion = 8.3;
						DevelopmentTeam = T5EW9858SB;
						ProvisioningStyle = Automatic;
					};
					CF30D1FE1EC409C90050FB53 = {
						CreatedOnToolsVersion = 8.3;
						DevelopmentTeam = T5EW9858SB;
						ProvisioningStyle = Automatic;
					};
				};
			};
			buildConfigurationList = CF30D1BC1EC174B30050FB53 /* Build configuration list for PBXProject "LogFolderTrees" */;
			compatibilityVersion = "Xcode 3.2";
			developmentRegion = English;
			hasScannedForEncodings = 0;
			knownRegions = (
				en,
				Base,
			);
			mainGroup = CF30D1B81EC174B30050FB53;
			productRefGroup = CF30D1C21EC174B30050FB53 /* Products */;
			projectDirPath = "";
			projectRoot = "";
			targets = (
				CF30D1C01EC174B30050FB53 /* LogFolderTrees */,
				CF30D1FE1EC409C90050FB53 /* LogFolderTreesCocoa */,
			);
		};
/* End PBXProject section */

/* Begin PBXResourcesBuildPhase section */
		CF30D1BF1EC174B30050FB53 /* Resources */ = {
			isa = PBXResourcesBuildPhase;
			buildActionMask = 2147483647;
			files = (
				CF30D1D41EC174B30050FB53 /* LaunchScreen.storyboard in Resources */,
				CF30D1D11EC174B30050FB53 /* Assets.xcassets in Resources */,
				CF864F881EC5BD67007B9570 /* testFolder in Resources */,
				CF30D1CF1EC174B30050FB53 /* Main.storyboard in Resources */,
			);
			runOnlyForDeploymentPostprocessing = 0;
		};
		CF30D1FD1EC409C90050FB53 /* Resources */ = {
			isa = PBXResourcesBuildPhase;
			buildActionMask = 2147483647;
			files = (
				CF30D20B1EC409C90050FB53 /* Assets.xcassets in Resources */,
				CF30D20E1EC409C90050FB53 /* Main.storyboard in Resources */,
			);
			runOnlyForDeploymentPostprocessing = 0;
		};
/* End PBXResourcesBuildPhase section */

/* Begin PBXSourcesBuildPhase section */
		CF30D1BD1EC174B30050FB53 /* Sources */ = {
			isa = PBXSourcesBuildPhase;
			buildActionMask = 2147483647;
			files = (
				CF30D1CC1EC174B30050FB53 /* ViewController.m in Sources */,
				CF864F841EC5BC2F007B9570 /* Tree.m in Sources */,
				CF30D1C91EC174B30050FB53 /* AppDelegate.m in Sources */,
				CF30D1C61EC174B30050FB53 /* main.m in Sources */,
			);
			runOnlyForDeploymentPostprocessing = 0;
		};
		CF30D1FB1EC409C90050FB53 /* Sources */ = {
			isa = PBXSourcesBuildPhase;
			buildActionMask = 2147483647;
			files = (
				CF30D2091EC409C90050FB53 /* ViewController.m in Sources */,
				CF30D2061EC409C90050FB53 /* main.m in Sources */,
				CF30D2031EC409C90050FB53 /* AppDelegate.m in Sources */,
			);
			runOnlyForDeploymentPostprocessing = 0;
		};
/* End PBXSourcesBuildPhase section */

/* Begin PBXVariantGroup section */
		CF30D1CD1EC174B30050FB53 /* Main.storyboard */ = {
			isa = PBXVariantGroup;
			children = (
				CF30D1CE1EC174B30050FB53 /* Base */,
			);
			name = Main.storyboard;
			sourceTree = "<group>";
		};
		CF30D1D21EC174B30050FB53 /* LaunchScreen.storyboard */ = {
			isa = PBXVariantGroup;
			children = (
				CF30D1D31EC174B30050FB53 /* Base */,
			);
			name = LaunchScreen.storyboard;
			sourceTree = "<group>";
		};
		CF30D20C1EC409C90050FB53 /* Main.storyboard */ = {
			isa = PBXVariantGroup;
			children = (
				CF30D20D1EC409C90050FB53 /* Base */,
			);
			name = Main.storyboard;
			sourceTree = "<group>";
		};
/* End PBXVariantGroup section */

/* Begin XCBuildConfiguration section */
		CF30D1EC1EC174B30050FB53 /* Debug */ = {
			isa = XCBuildConfiguration;
			buildSettings = {
				ALWAYS_SEARCH_USER_PATHS = NO;
				CLANG_ANALYZER_NONNULL = YES;
				CLANG_ANALYZER_NUMBER_OBJECT_CONVERSION = YES_AGGRESSIVE;
				CLANG_CXX_LANGUAGE_STANDARD = "gnu++0x";
				CLANG_CXX_LIBRARY = "libc++";
				CLANG_ENABLE_MODULES = YES;
				CLANG_ENABLE_OBJC_ARC = YES;
				CLANG_WARN_BOOL_CONVERSION = YES;
				CLANG_WARN_CONSTANT_CONVERSION = YES;
				CLANG_WARN_DIRECT_OBJC_ISA_USAGE = YES_ERROR;
				CLANG_WARN_DOCUMENTATION_COMMENTS = YES;
				CLANG_WARN_EMPTY_BODY = YES;
				CLANG_WARN_ENUM_CONVERSION = YES;
				CLANG_WARN_INFINITE_RECURSION = YES;
				CLANG_WARN_INT_CONVERSION = YES;
				CLANG_WARN_OBJC_ROOT_CLASS = YES_ERROR;
				CLANG_WARN_SUSPICIOUS_MOVE = YES;
				CLANG_WARN_UNREACHABLE_CODE = YES;
				CLANG_WARN__DUPLICATE_METHOD_MATCH = YES;
				"CODE_SIGN_IDENTITY[sdk=iphoneos*]" = "iPhone Developer";
				COPY_PHASE_STRIP = NO;
				DEBUG_INFORMATION_FORMAT = dwarf;
				ENABLE_STRICT_OBJC_MSGSEND = YES;
				ENABLE_TESTABILITY = YES;
				GCC_C_LANGUAGE_STANDARD = gnu99;
				GCC_DYNAMIC_NO_PIC = NO;
				GCC_NO_COMMON_BLOCKS = YES;
				GCC_OPTIMIZATION_LEVEL = 0;
				GCC_PREPROCESSOR_DEFINITIONS = (
					"DEBUG=1",
					"$(inherited)",
				);
				GCC_WARN_64_TO_32_BIT_CONVERSION = YES;
				GCC_WARN_ABOUT_RETURN_TYPE = YES_ERROR;
				GCC_WARN_UNDECLARED_SELECTOR = YES;
				GCC_WARN_UNINITIALIZED_AUTOS = YES_AGGRESSIVE;
				GCC_WARN_UNUSED_FUNCTION = YES;
				GCC_WARN_UNUSED_VARIABLE = YES;
				IPHONEOS_DEPLOYMENT_TARGET = 10.3;
				MTL_ENABLE_DEBUG_INFO = YES;
				ONLY_ACTIVE_ARCH = YES;
				SDKROOT = iphoneos;
			};
			name = Debug;
		};
		CF30D1ED1EC174B30050FB53 /* Release */ = {
			isa = XCBuildConfiguration;
			buildSettings = {
				ALWAYS_SEARCH_USER_PATHS = NO;
				CLANG_ANALYZER_NONNULL = YES;
				CLANG_ANALYZER_NUMBER_OBJECT_CONVERSION = YES_AGGRESSIVE;
				CLANG_CXX_LANGUAGE_STANDARD = "gnu++0x";
				CLANG_CXX_LIBRARY = "libc++";
				CLANG_ENABLE_MODULES = YES;
				CLANG_ENABLE_OBJC_ARC = YES;
				CLANG_WARN_BOOL_CONVERSION = YES;
				CLANG_WARN_CONSTANT_CONVERSION = YES;
				CLANG_WARN_DIRECT_OBJC_ISA_USAGE = YES_ERROR;
				CLANG_WARN_DOCUMENTATION_COMMENTS = YES;
				CLANG_WARN_EMPTY_BODY = YES;
				CLANG_WARN_ENUM_CONVERSION = YES;
				CLANG_WARN_INFINITE_RECURSION = YES;
				CLANG_WARN_INT_CONVERSION = YES;
				CLANG_WARN_OBJC_ROOT_CLASS = YES_ERROR;
				CLANG_WARN_SUSPICIOUS_MOVE = YES;
				CLANG_WARN_UNREACHABLE_CODE = YES;
				CLANG_WARN__DUPLICATE_METHOD_MATCH = YES;
				"CODE_SIGN_IDENTITY[sdk=iphoneos*]" = "iPhone Developer";
				COPY_PHASE_STRIP = NO;
				DEBUG_INFORMATION_FORMAT = "dwarf-with-dsym";
				ENABLE_NS_ASSERTIONS = NO;
				ENABLE_STRICT_OBJC_MSGSEND = YES;
				GCC_C_LANGUAGE_STANDARD = gnu99;
				GCC_NO_COMMON_BLOCKS = YES;
				GCC_WARN_64_TO_32_BIT_CONVERSION = YES;
				GCC_WARN_ABOUT_RETURN_TYPE = YES_ERROR;
				GCC_WARN_UNDECLARED_SELECTOR = YES;
				GCC_WARN_UNINITIALIZED_AUTOS = YES_AGGRESSIVE;
				GCC_WARN_UNUSED_FUNCTION = YES;
				GCC_WARN_UNUSED_VARIABLE = YES;
				IPHONEOS_DEPLOYMENT_TARGET = 10.3;
				MTL_ENABLE_DEBUG_INFO = NO;
				SDKROOT = iphoneos;
				VALIDATE_PRODUCT = YES;
			};
			name = Release;
		};
		CF30D1EF1EC174B30050FB53 /* Debug */ = {
			isa = XCBuildConfiguration;
			buildSettings = {
				ASSETCATALOG_COMPILER_APPICON_NAME = AppIcon;
				DEVELOPMENT_TEAM = T5EW9858SB;
				INFOPLIST_FILE = LogFolderTrees/Info.plist;
				IPHONEOS_DEPLOYMENT_TARGET = 8.0;
				LD_RUNPATH_SEARCH_PATHS = "$(inherited) @executable_path/Frameworks";
				PRODUCT_BUNDLE_IDENTIFIER = tomfriwel.com.LogFolderTrees;
				PRODUCT_NAME = "$(TARGET_NAME)";
			};
			name = Debug;
		};
		CF30D1F01EC174B30050FB53 /* Release */ = {
			isa = XCBuildConfiguration;
			buildSettings = {
				ASSETCATALOG_COMPILER_APPICON_NAME = AppIcon;
				DEVELOPMENT_TEAM = T5EW9858SB;
				INFOPLIST_FILE = LogFolderTrees/Info.plist;
				IPHONEOS_DEPLOYMENT_TARGET = 8.0;
				LD_RUNPATH_SEARCH_PATHS = "$(inherited) @executable_path/Frameworks";
				PRODUCT_BUNDLE_IDENTIFIER = tomfriwel.com.LogFolderTrees;
				PRODUCT_NAME = "$(TARGET_NAME)";
			};
			name = Release;
		};
		CF30D2261EC409CA0050FB53 /* Debug */ = {
			isa = XCBuildConfiguration;
			buildSettings = {
				ASSETCATALOG_COMPILER_APPICON_NAME = AppIcon;
				CODE_SIGN_IDENTITY = "-";
				COMBINE_HIDPI_IMAGES = YES;
				DEVELOPMENT_TEAM = T5EW9858SB;
				INFOPLIST_FILE = LogFolderTreesCocoa/Info.plist;
				LD_RUNPATH_SEARCH_PATHS = "$(inherited) @executable_path/../Frameworks";
				MACOSX_DEPLOYMENT_TARGET = 10.12;
				PRODUCT_BUNDLE_IDENTIFIER = tomfriwel.com.LogFolderTreesCocoa;
				PRODUCT_NAME = "$(TARGET_NAME)";
				SDKROOT = macosx;
			};
			name = Debug;
		};
		CF30D2271EC409CA0050FB53 /* Release */ = {
			isa = XCBuildConfiguration;
			buildSettings = {
				ASSETCATALOG_COMPILER_APPICON_NAME = AppIcon;
				CODE_SIGN_IDENTITY = "-";
				COMBINE_HIDPI_IMAGES = YES;
				DEVELOPMENT_TEAM = T5EW9858SB;
				INFOPLIST_FILE = LogFolderTreesCocoa/Info.plist;
				LD_RUNPATH_SEARCH_PATHS = "$(inherited) @executable_path/../Frameworks";
				MACOSX_DEPLOYMENT_TARGET = 10.12;
				PRODUCT_BUNDLE_IDENTIFIER = tomfriwel.com.LogFolderTreesCocoa;
				PRODUCT_NAME = "$(TARGET_NAME)";
				SDKROOT = macosx;
			};
			name = Release;
		};
/* End XCBuildConfiguration section */

/* Begin XCConfigurationList section */
		CF30D1BC1EC174B30050FB53 /* Build configuration list for PBXProject "LogFolderTrees" */ = {
			isa = XCConfigurationList;
			buildConfigurations = (
				CF30D1EC1EC174B30050FB53 /* Debug */,
				CF30D1ED1EC174B30050FB53 /* Release */,
			);
			defaultConfigurationIsVisible = 0;
			defaultConfigurationName = Release;
		};
		CF30D1EE1EC174B30050FB53 /* Build configuration list for PBXNativeTarget "LogFolderTrees" */ = {
			isa = XCConfigurationList;
			buildConfigurations = (
				CF30D1EF1EC174B30050FB53 /* Debug */,
				CF30D1F01EC174B30050FB53 /* Release */,
			);
			defaultConfigurationIsVisible = 0;
			defaultConfigurationName = Release;
		};
		CF30D22C1EC409CA0050FB53 /* Build configuration list for PBXNativeTarget "LogFolderTreesCocoa" */ = {
			isa = XCConfigurationList;
			buildConfigurations = (
				CF30D2261EC409CA0050FB53 /* Debug */,
				CF30D2271EC409CA0050FB53 /* Release */,
			);
			defaultConfigurationIsVisible = 0;
			defaultConfigurationName = Release;
		};
/* End XCConfigurationList section */
	};
	rootObject = CF30D1B91EC174B30050FB53 /* Project object */;
}
